
Microsoft Visual Studio Solution File, Format Version 12.00
# Visual Studio Version 17
VisualStudioVersion = 17.5.002.0
MinimumVisualStudioVersion = 10.0.40219.1
Project("{2150E333-8FDC-42A3-9474-1A3956D46DE8}") = "prepare", "prepare", "{9C7F2DF3-C17D-4894-A0F4-2223EC55D7C4}"
EndProject
Project("{9A19103F-16F7-4668-BE54-9A1E7A4F7556}") = "Learning02", "prepare\Learning02\Learning02.csproj", "{3F0D46EE-3BCE-4CA2-942A-5403ADC2EE03}"
EndProject
Project("{9A19103F-16F7-4668-BE54-9A1E7A4F7556}") = "Learning05", "prepare\Learning05\Learning05.csproj", "{36C4178A-32DB-4C67-8DCE-80D2CC667C17}"
EndProject
Project("{9A19103F-16F7-4668-BE54-9A1E7A4F7556}") = "Learning04", "prepare\Learning04\Learning04.csproj", "{162D6400-3111-4EB8-AA97-D9A0722A746A}"
EndProject
Project("{9A19103F-16F7-4668-BE54-9A1E7A4F7556}") = "Learning03", "prepare\Learning03\Learning03.csproj", "{9E41A2B1-E419-48C9-9D0D-FCD3639C5570}"
EndProject
Project("{2150E333-8FDC-42A3-9474-1A3956D46DE8}") = "prove", "prove", "{83B8D322-8961-4DC6-98ED-37E7F1BE16A0}"
EndProject
Project("{9A19103F-16F7-4668-BE54-9A1E7A4F7556}") = "Develop03", "prove\Develop03\Develop03.csproj", "{9DB5175D-E3FE-497E-A4FE-B014CE7DDA74}"
EndProject
Project("{9A19103F-16F7-4668-BE54-9A1E7A4F7556}") = "Develop04", "prove\Develop04\Develop04.csproj", "{8A1C96F0-FA66-41BA-8EFD-7C9B1C767EBC}"
EndProject
Project("{9A19103F-16F7-4668-BE54-9A1E7A4F7556}") = "Develop05", "prove\Develop05\Develop05.csproj", "{A92AF22F-9065-45BD-87C2-BF3389896ED1}"
EndProject
Project("{9A19103F-16F7-4668-BE54-9A1E7A4F7556}") = "Develop02", "prove\Develop02\Develop02.csproj", "{8B66A56D-3A7C-486A-B83D-3BAFB958992F}"
EndProject
Project("{2150E333-8FDC-42A3-9474-1A3956D46DE8}") = "sandbox", "sandbox", "{1ED63060-0741-4B87-A255-B1F8F1F1805E}"
EndProject
Project("{9A19103F-16F7-4668-BE54-9A1E7A4F7556}") = "Sandbox", "sandbox\Sandbox\Sandbox.csproj", "{C956BB50-A0EB-4880-B98E-FEC756E87304}"
EndProject
Project("{2150E333-8FDC-42A3-9474-1A3956D46DE8}") = "final", "final", "{6DB825DD-9646-40BC-A042-23638BA44E90}"
EndProject
Project("{9A19103F-16F7-4668-BE54-9A1E7A4F7556}") = "FinalProject", "final\FinalProject\FinalProject.csproj", "{F03F4F6B-0FFA-40F2-BDB3-FEDD12280CC7}"
EndProject
Project("{9A19103F-16F7-4668-BE54-9A1E7A4F7556}") = "Foundation1", "final\Foundation1\Foundation1.csproj", "{FEC114E0-6AA6-4C5A-8373-B34B78888F40}"
EndProject
Project("{9A19103F-16F7-4668-BE54-9A1E7A4F7556}") = "Foundation4", "final\Foundation4\Foundation4.csproj", "{6BF2C74E-48B7-43CB-BC2A-D033284455C8}"
EndProject
Project("{9A19103F-16F7-4668-BE54-9A1E7A4F7556}") = "Foundation3", "final\Foundation3\Foundation3.csproj", "{36CC0D60-3643-45AB-8984-72A41E93CDC2}"
EndProject
Project("{9A19103F-16F7-4668-BE54-9A1E7A4F7556}") = "Foundation2", "final\Foundation2\Foundation2.csproj", "{F95886FD-7BDC-47E4-B5DA-F8AFC607B8D0}"
EndProject
Project("{2150E333-8FDC-42A3-9474-1A3956D46DE8}") = "csharp-prep", "csharp-prep", "{157A47A6-6F6B-401E-A9DD-565B7C7B883A}"
EndProject
Project("{9A19103F-16F7-4668-BE54-9A1E7A4F7556}") = "Prep1", "csharp-prep\Prep1\Prep1.csproj", "{A7944704-B6CC-4373-A776-C88728128E08}"
EndProject
Project("{9A19103F-16F7-4668-BE54-9A1E7A4F7556}") = "Prep5", "csharp-prep\Prep5\Prep5.csproj", "{7814BDA3-1DDA-4DC3-8570-1F80E2A10C99}"
EndProject
Project("{9A19103F-16F7-4668-BE54-9A1E7A4F7556}") = "Prep2", "csharp-prep\Prep2\Prep2.csproj", "{04549FAF-2259-4F2F-9454-8618D5F6F3E6}"
EndProject
Project("{9A19103F-16F7-4668-BE54-9A1E7A4F7556}") = "Prep3", "csharp-prep\Prep3\Prep3.csproj", "{6DDF4183-87B3-41A7-B111-9D5DFCA44B59}"
EndProject
Project("{9A19103F-16F7-4668-BE54-9A1E7A4F7556}") = "Prep4", "csharp-prep\Prep4\Prep4.csproj", "{0DBF875C-79DA-4124-A9A6-C35E78291033}"
EndProject
Global
	GlobalSection(SolutionConfigurationPlatforms) = preSolution
		Debug|Any CPU = Debug|Any CPU
		Release|Any CPU = Release|Any CPU
	EndGlobalSection
	GlobalSection(ProjectConfigurationPlatforms) = postSolution
		{3F0D46EE-3BCE-4CA2-942A-5403ADC2EE03}.Debug|Any CPU.ActiveCfg = Debug|Any CPU
		{3F0D46EE-3BCE-4CA2-942A-5403ADC2EE03}.Debug|Any CPU.Build.0 = Debug|Any CPU
		{3F0D46EE-3BCE-4CA2-942A-5403ADC2EE03}.Release|Any CPU.ActiveCfg = Release|Any CPU
		{3F0D46EE-3BCE-4CA2-942A-5403ADC2EE03}.Release|Any CPU.Build.0 = Release|Any CPU
		{36C4178A-32DB-4C67-8DCE-80D2CC667C17}.Debug|Any CPU.ActiveCfg = Debug|Any CPU
		{36C4178A-32DB-4C67-8DCE-80D2CC667C17}.Debug|Any CPU.Build.0 = Debug|Any CPU
		{36C4178A-32DB-4C67-8DCE-80D2CC667C17}.Release|Any CPU.ActiveCfg = Release|Any CPU
		{36C4178A-32DB-4C67-8DCE-80D2CC667C17}.Release|Any CPU.Build.0 = Release|Any CPU
		{162D6400-3111-4EB8-AA97-D9A0722A746A}.Debug|Any CPU.ActiveCfg = Debug|Any CPU
		{162D6400-3111-4EB8-AA97-D9A0722A746A}.Debug|Any CPU.Build.0 = Debug|Any CPU
		{162D6400-3111-4EB8-AA97-D9A0722A746A}.Release|Any CPU.ActiveCfg = Release|Any CPU
		{162D6400-3111-4EB8-AA97-D9A0722A746A}.Release|Any CPU.Build.0 = Release|Any CPU
		{9E41A2B1-E419-48C9-9D0D-FCD3639C5570}.Debug|Any CPU.ActiveCfg = Debug|Any CPU
		{9E41A2B1-E419-48C9-9D0D-FCD3639C5570}.Debug|Any CPU.Build.0 = Debug|Any CPU
		{9E41A2B1-E419-48C9-9D0D-FCD3639C5570}.Release|Any CPU.ActiveCfg = Release|Any CPU
		{9E41A2B1-E419-48C9-9D0D-FCD3639C5570}.Release|Any CPU.Build.0 = Release|Any CPU
		{9DB5175D-E3FE-497E-A4FE-B014CE7DDA74}.Debug|Any CPU.ActiveCfg = Debug|Any CPU
		{9DB5175D-E3FE-497E-A4FE-B014CE7DDA74}.Debug|Any CPU.Build.0 = Debug|Any CPU
		{9DB5175D-E3FE-497E-A4FE-B014CE7DDA74}.Release|Any CPU.ActiveCfg = Release|Any CPU
		{9DB5175D-E3FE-497E-A4FE-B014CE7DDA74}.Release|Any CPU.Build.0 = Release|Any CPU
		{8A1C96F0-FA66-41BA-8EFD-7C9B1C767EBC}.Debug|Any CPU.ActiveCfg = Debug|Any CPU
		{8A1C96F0-FA66-41BA-8EFD-7C9B1C767EBC}.Debug|Any CPU.Build.0 = Debug|Any CPU
		{8A1C96F0-FA66-41BA-8EFD-7C9B1C767EBC}.Release|Any CPU.ActiveCfg = Release|Any CPU
		{8A1C96F0-FA66-41BA-8EFD-7C9B1C767EBC}.Release|Any CPU.Build.0 = Release|Any CPU
		{A92AF22F-9065-45BD-87C2-BF3389896ED1}.Debug|Any CPU.ActiveCfg = Debug|Any CPU
		{A92AF22F-9065-45BD-87C2-BF3389896ED1}.Debug|Any CPU.Build.0 = Debug|Any CPU
		{A92AF22F-9065-45BD-87C2-BF3389896ED1}.Release|Any CPU.ActiveCfg = Release|Any CPU
		{A92AF22F-9065-45BD-87C2-BF3389896ED1}.Release|Any CPU.Build.0 = Release|Any CPU
		{8B66A56D-3A7C-486A-B83D-3BAFB958992F}.Debug|Any CPU.ActiveCfg = Debug|Any CPU
		{8B66A56D-3A7C-486A-B83D-3BAFB958992F}.Debug|Any CPU.Build.0 = Debug|Any CPU
		{8B66A56D-3A7C-486A-B83D-3BAFB958992F}.Release|Any CPU.ActiveCfg = Release|Any CPU
		{8B66A56D-3A7C-486A-B83D-3BAFB958992F}.Release|Any CPU.Build.0 = Release|Any CPU
		{C956BB50-A0EB-4880-B98E-FEC756E87304}.Debug|Any CPU.ActiveCfg = Debug|Any CPU
		{C956BB50-A0EB-4880-B98E-FEC756E87304}.Debug|Any CPU.Build.0 = Debug|Any CPU
		{C956BB50-A0EB-4880-B98E-FEC756E87304}.Release|Any CPU.ActiveCfg = Release|Any CPU
		{C956BB50-A0EB-4880-B98E-FEC756E87304}.Release|Any CPU.Build.0 = Release|Any CPU
		{F03F4F6B-0FFA-40F2-BDB3-FEDD12280CC7}.Debug|Any CPU.ActiveCfg = Debug|Any CPU
		{F03F4F6B-0FFA-40F2-BDB3-FEDD12280CC7}.Debug|Any CPU.Build.0 = Debug|Any CPU
		{F03F4F6B-0FFA-40F2-BDB3-FEDD12280CC7}.Release|Any CPU.ActiveCfg = Release|Any CPU
		{F03F4F6B-0FFA-40F2-BDB3-FEDD12280CC7}.Release|Any CPU.Build.0 = Release|Any CPU
		{FEC114E0-6AA6-4C5A-8373-B34B78888F40}.Debug|Any CPU.ActiveCfg = Debug|Any CPU
		{FEC114E0-6AA6-4C5A-8373-B34B78888F40}.Debug|Any CPU.Build.0 = Debug|Any CPU
		{FEC114E0-6AA6-4C5A-8373-B34B78888F40}.Release|Any CPU.ActiveCfg = Release|Any CPU
		{FEC114E0-6AA6-4C5A-8373-B34B78888F40}.Release|Any CPU.Build.0 = Release|Any CPU
		{6BF2C74E-48B7-43CB-BC2A-D033284455C8}.Debug|Any CPU.ActiveCfg = Debug|Any CPU
		{6BF2C74E-48B7-43CB-BC2A-D033284455C8}.Debug|Any CPU.Build.0 = Debug|Any CPU
		{6BF2C74E-48B7-43CB-BC2A-D033284455C8}.Release|Any CPU.ActiveCfg = Release|Any CPU
		{6BF2C74E-48B7-43CB-BC2A-D033284455C8}.Release|Any CPU.Build.0 = Release|Any CPU
		{36CC0D60-3643-45AB-8984-72A41E93CDC2}.Debug|Any CPU.ActiveCfg = Debug|Any CPU
		{36CC0D60-3643-45AB-8984-72A41E93CDC2}.Debug|Any CPU.Build.0 = Debug|Any CPU
		{36CC0D60-3643-45AB-8984-72A41E93CDC2}.Release|Any CPU.ActiveCfg = Release|Any CPU
		{36CC0D60-3643-45AB-8984-72A41E93CDC2}.Release|Any CPU.Build.0 = Release|Any CPU
		{F95886FD-7BDC-47E4-B5DA-F8AFC607B8D0}.Debug|Any CPU.ActiveCfg = Debug|Any CPU
		{F95886FD-7BDC-47E4-B5DA-F8AFC607B8D0}.Debug|Any CPU.Build.0 = Debug|Any CPU
		{F95886FD-7BDC-47E4-B5DA-F8AFC607B8D0}.Release|Any CPU.ActiveCfg = Release|Any CPU
		{F95886FD-7BDC-47E4-B5DA-F8AFC607B8D0}.Release|Any CPU.Build.0 = Release|Any CPU
		{A7944704-B6CC-4373-A776-C88728128E08}.Debug|Any CPU.ActiveCfg = Debug|Any CPU
		{A7944704-B6CC-4373-A776-C88728128E08}.Debug|Any CPU.Build.0 = Debug|Any CPU
		{A7944704-B6CC-4373-A776-C88728128E08}.Release|Any CPU.ActiveCfg = Release|Any CPU
		{A7944704-B6CC-4373-A776-C88728128E08}.Release|Any CPU.Build.0 = Release|Any CPU
		{7814BDA3-1DDA-4DC3-8570-1F80E2A10C99}.Debug|Any CPU.ActiveCfg = Debug|Any CPU
		{7814BDA3-1DDA-4DC3-8570-1F80E2A10C99}.Debug|Any CPU.Build.0 = Debug|Any CPU
		{7814BDA3-1DDA-4DC3-8570-1F80E2A10C99}.Release|Any CPU.ActiveCfg = Release|Any CPU
		{7814BDA3-1DDA-4DC3-8570-1F80E2A10C99}.Release|Any CPU.Build.0 = Release|Any CPU
		{04549FAF-2259-4F2F-9454-8618D5F6F3E6}.Debug|Any CPU.ActiveCfg = Debug|Any CPU
		{04549FAF-2259-4F2F-9454-8618D5F6F3E6}.Debug|Any CPU.Build.0 = Debug|Any CPU
		{04549FAF-2259-4F2F-9454-8618D5F6F3E6}.Release|Any CPU.ActiveCfg = Release|Any CPU
		{04549FAF-2259-4F2F-9454-8618D5F6F3E6}.Release|Any CPU.Build.0 = Release|Any CPU
		{6DDF4183-87B3-41A7-B111-9D5DFCA44B59}.Debug|Any CPU.ActiveCfg = Debug|Any CPU
		{6DDF4183-87B3-41A7-B111-9D5DFCA44B59}.Debug|Any CPU.Build.0 = Debug|Any CPU
		{6DDF4183-87B3-41A7-B111-9D5DFCA44B59}.Release|Any CPU.ActiveCfg = Release|Any CPU
		{6DDF4183-87B3-41A7-B111-9D5DFCA44B59}.Release|Any CPU.Build.0 = Release|Any CPU
		{0DBF875C-79DA-4124-A9A6-C35E78291033}.Debug|Any CPU.ActiveCfg = Debug|Any CPU
		{0DBF875C-79DA-4124-A9A6-C35E78291033}.Debug|Any CPU.Build.0 = Debug|Any CPU
		{0DBF875C-79DA-4124-A9A6-C35E78291033}.Release|Any CPU.ActiveCfg = Release|Any CPU
		{0DBF875C-79DA-4124-A9A6-C35E78291033}.Release|Any CPU.Build.0 = Release|Any CPU
	EndGlobalSection
	GlobalSection(SolutionProperties) = preSolution
		HideSolutionNode = FALSE
	EndGlobalSection
	GlobalSection(NestedProjects) = preSolution
		{3F0D46EE-3BCE-4CA2-942A-5403ADC2EE03} = {9C7F2DF3-C17D-4894-A0F4-2223EC55D7C4}
		{36C4178A-32DB-4C67-8DCE-80D2CC667C17} = {9C7F2DF3-C17D-4894-A0F4-2223EC55D7C4}
		{162D6400-3111-4EB8-AA97-D9A0722A746A} = {9C7F2DF3-C17D-4894-A0F4-2223EC55D7C4}
		{9E41A2B1-E419-48C9-9D0D-FCD3639C5570} = {9C7F2DF3-C17D-4894-A0F4-2223EC55D7C4}
		{9DB5175D-E3FE-497E-A4FE-B014CE7DDA74} = {83B8D322-8961-4DC6-98ED-37E7F1BE16A0}
		{8A1C96F0-FA66-41BA-8EFD-7C9B1C767EBC} = {83B8D322-8961-4DC6-98ED-37E7F1BE16A0}
		{A92AF22F-9065-45BD-87C2-BF3389896ED1} = {83B8D322-8961-4DC6-98ED-37E7F1BE16A0}
		{8B66A56D-3A7C-486A-B83D-3BAFB958992F} = {83B8D322-8961-4DC6-98ED-37E7F1BE16A0}
		{C956BB50-A0EB-4880-B98E-FEC756E87304} = {1ED63060-0741-4B87-A255-B1F8F1F1805E}
		{F03F4F6B-0FFA-40F2-BDB3-FEDD12280CC7} = {6DB825DD-9646-40BC-A042-23638BA44E90}
		{FEC114E0-6AA6-4C5A-8373-B34B78888F40} = {6DB825DD-9646-40BC-A042-23638BA44E90}
		{6BF2C74E-48B7-43CB-BC2A-D033284455C8} = {6DB825DD-9646-40BC-A042-23638BA44E90}
		{36CC0D60-3643-45AB-8984-72A41E93CDC2} = {6DB825DD-9646-40BC-A042-23638BA44E90}
		{F95886FD-7BDC-47E4-B5DA-F8AFC607B8D0} = {6DB825DD-9646-40BC-A042-23638BA44E90}
		{A7944704-B6CC-4373-A776-C88728128E08} = {157A47A6-6F6B-401E-A9DD-565B7C7B883A}
		{7814BDA3-1DDA-4DC3-8570-1F80E2A10C99} = {157A47A6-6F6B-401E-A9DD-565B7C7B883A}
		{04549FAF-2259-4F2F-9454-8618D5F6F3E6} = {157A47A6-6F6B-401E-A9DD-565B7C7B883A}
		{6DDF4183-87B3-41A7-B111-9D5DFCA44B59} = {157A47A6-6F6B-401E-A9DD-565B7C7B883A}
		{0DBF875C-79DA-4124-A9A6-C35E78291033} = {157A47A6-6F6B-401E-A9DD-565B7C7B883A}
	EndGlobalSection
	GlobalSection(ExtensibilityGlobals) = postSolution
		SolutionGuid = {4DB8EB11-BC89-47E4-86BA-A4A99645F1C0}
	EndGlobalSection
EndGlobal
